// !$*UTF8*$!
{
	archiveVersion = 1;
	classes = {
	};
	objectVersion = 46;
	objects = {

/* Begin PBXBuildFile section */
		F8E4D5A61431453E00F301CB /* UIKit.framework in Frameworks */ = {isa = PBXBuildFile; fileRef = F8E4D5A51431453E00F301CB /* UIKit.framework */; };
		F8E4D5A81431453E00F301CB /* Foundation.framework in Frameworks */ = {isa = PBXBuildFile; fileRef = F8E4D5A71431453E00F301CB /* Foundation.framework */; };
		F8E4D5AA1431453E00F301CB /* CoreGraphics.framework in Frameworks */ = {isa = PBXBuildFile; fileRef = F8E4D5A91431453E00F301CB /* CoreGraphics.framework */; };
		F8E4D5B01431453E00F301CB /* InfoPlist.strings in Resources */ = {isa = PBXBuildFile; fileRef = F8E4D5AE1431453E00F301CB /* InfoPlist.strings */; };
		F8E4D5B21431453E00F301CB /* main.m in Sources */ = {isa = PBXBuildFile; fileRef = F8E4D5B11431453E00F301CB /* main.m */; };
		F8E4D5B61431453E00F301CB /* InventoryAppDelegate.m in Sources */ = {isa = PBXBuildFile; fileRef = F8E4D5B51431453E00F301CB /* InventoryAppDelegate.m */; };
		F8E4D5B91431453E00F301CB /* MainWindow.xib in Resources */ = {isa = PBXBuildFile; fileRef = F8E4D5B71431453E00F301CB /* MainWindow.xib */; };
		F8E4D5C11431453E00F301CB /* SenTestingKit.framework in Frameworks */ = {isa = PBXBuildFile; fileRef = F8E4D5C01431453E00F301CB /* SenTestingKit.framework */; };
		F8E4D5C21431453E00F301CB /* UIKit.framework in Frameworks */ = {isa = PBXBuildFile; fileRef = F8E4D5A51431453E00F301CB /* UIKit.framework */; };
		F8E4D5C31431453E00F301CB /* Foundation.framework in Frameworks */ = {isa = PBXBuildFile; fileRef = F8E4D5A71431453E00F301CB /* Foundation.framework */; };
		F8E4D5C41431453E00F301CB /* CoreGraphics.framework in Frameworks */ = {isa = PBXBuildFile; fileRef = F8E4D5A91431453E00F301CB /* CoreGraphics.framework */; };
		F8E4D5CC1431453E00F301CB /* InfoPlist.strings in Resources */ = {isa = PBXBuildFile; fileRef = F8E4D5CA1431453E00F301CB /* InfoPlist.strings */; };
		F8E4D5CE1431453E00F301CB /* InventoryTests.h in Resources */ = {isa = PBXBuildFile; fileRef = F8E4D5CD1431453E00F301CB /* InventoryTests.h */; };
		F8E4D5D01431453E00F301CB /* InventoryTests.m in Sources */ = {isa = PBXBuildFile; fileRef = F8E4D5CF1431453E00F301CB /* InventoryTests.m */; };
		F8E4D5DB1431481E00F301CB /* ItemsViewController.m in Sources */ = {isa = PBXBuildFile; fileRef = F8E4D5DA1431481E00F301CB /* ItemsViewController.m */; };
		F8E4D5E31431513200F301CB /* Possession.m in Sources */ = {isa = PBXBuildFile; fileRef = F8E4D5E21431513200F301CB /* Possession.m */; };
		F8E4D5E7143151C400F301CB /* PossessionStore.m in Sources */ = {isa = PBXBuildFile; fileRef = F8E4D5E6143151C400F301CB /* PossessionStore.m */; };
		F8E4D5E914351DDA00F301CB /* HeaderView.xib in Resources */ = {isa = PBXBuildFile; fileRef = F8E4D5E814351DDA00F301CB /* HeaderView.xib */; };
		F8E4D5F2143A7D7600F301CB /* ItemDetailViewController.m in Sources */ = {isa = PBXBuildFile; fileRef = F8E4D5F0143A7D7600F301CB /* ItemDetailViewController.m */; };
		F8E4D5F3143A7D7600F301CB /* ItemDetailViewController.xib in Resources */ = {isa = PBXBuildFile; fileRef = F8E4D5F1143A7D7600F301CB /* ItemDetailViewController.xib */; };
/* End PBXBuildFile section */

/* Begin PBXContainerItemProxy section */
		F8E4D5C51431453E00F301CB /* PBXContainerItemProxy */ = {
			isa = PBXContainerItemProxy;
			containerPortal = F8E4D5981431453E00F301CB /* Project object */;
			proxyType = 1;
			remoteGlobalIDString = F8E4D5A01431453E00F301CB;
			remoteInfo = Inventory;
		};
/* End PBXContainerItemProxy section */

/* Begin PBXFileReference section */
		F8E4D5A11431453E00F301CB /* Inventory.app */ = {isa = PBXFileReference; explicitFileType = wrapper.application; includeInIndex = 0; path = Inventory.app; sourceTree = BUILT_PRODUCTS_DIR; };
		F8E4D5A51431453E00F301CB /* UIKit.framework */ = {isa = PBXFileReference; lastKnownFileType = wrapper.framework; name = UIKit.framework; path = System/Library/Frameworks/UIKit.framework; sourceTree = SDKROOT; };
		F8E4D5A71431453E00F301CB /* Foundation.framework */ = {isa = PBXFileReference; lastKnownFileType = wrapper.framework; name = Foundation.framework; path = System/Library/Frameworks/Foundation.framework; sourceTree = SDKROOT; };
		F8E4D5A91431453E00F301CB /* CoreGraphics.framework */ = {isa = PBXFileReference; lastKnownFileType = wrapper.framework; name = CoreGraphics.framework; path = System/Library/Frameworks/CoreGraphics.framework; sourceTree = SDKROOT; };
		F8E4D5AD1431453E00F301CB /* Inventory-Info.plist */ = {isa = PBXFileReference; lastKnownFileType = text.plist.xml; path = "Inventory-Info.plist"; sourceTree = "<group>"; };
		F8E4D5AF1431453E00F301CB /* en */ = {isa = PBXFileReference; lastKnownFileType = text.plist.strings; name = en; path = en.lproj/InfoPlist.strings; sourceTree = "<group>"; };
		F8E4D5B11431453E00F301CB /* main.m */ = {isa = PBXFileReference; lastKnownFileType = sourcecode.c.objc; path = main.m; sourceTree = "<group>"; };
		F8E4D5B31431453E00F301CB /* Inventory-Prefix.pch */ = {isa = PBXFileReference; lastKnownFileType = sourcecode.c.h; path = "Inventory-Prefix.pch"; sourceTree = "<group>"; };
		F8E4D5B41431453E00F301CB /* InventoryAppDelegate.h */ = {isa = PBXFileReference; lastKnownFileType = sourcecode.c.h; path = InventoryAppDelegate.h; sourceTree = "<group>"; };
		F8E4D5B51431453E00F301CB /* InventoryAppDelegate.m */ = {isa = PBXFileReference; lastKnownFileType = sourcecode.c.objc; path = InventoryAppDelegate.m; sourceTree = "<group>"; };
		F8E4D5B81431453E00F301CB /* en */ = {isa = PBXFileReference; lastKnownFileType = file.xib; name = en; path = en.lproj/MainWindow.xib; sourceTree = "<group>"; };
		F8E4D5BF1431453E00F301CB /* InventoryTests.octest */ = {isa = PBXFileReference; explicitFileType = wrapper.cfbundle; includeInIndex = 0; path = InventoryTests.octest; sourceTree = BUILT_PRODUCTS_DIR; };
		F8E4D5C01431453E00F301CB /* SenTestingKit.framework */ = {isa = PBXFileReference; lastKnownFileType = wrapper.framework; name = SenTestingKit.framework; path = Library/Frameworks/SenTestingKit.framework; sourceTree = DEVELOPER_DIR; };
		F8E4D5C91431453E00F301CB /* InventoryTests-Info.plist */ = {isa = PBXFileReference; lastKnownFileType = text.plist.xml; path = "InventoryTests-Info.plist"; sourceTree = "<group>"; };
		F8E4D5CB1431453E00F301CB /* en */ = {isa = PBXFileReference; lastKnownFileType = text.plist.strings; name = en; path = en.lproj/InfoPlist.strings; sourceTree = "<group>"; };
		F8E4D5CD1431453E00F301CB /* InventoryTests.h */ = {isa = PBXFileReference; lastKnownFileType = sourcecode.c.h; path = InventoryTests.h; sourceTree = "<group>"; };
		F8E4D5CF1431453E00F301CB /* InventoryTests.m */ = {isa = PBXFileReference; lastKnownFileType = sourcecode.c.objc; path = InventoryTests.m; sourceTree = "<group>"; };
		F8E4D5D91431481E00F301CB /* ItemsViewController.h */ = {isa = PBXFileReference; fileEncoding = 4; lastKnownFileType = sourcecode.c.h; path = ItemsViewController.h; sourceTree = "<group>"; };
		F8E4D5DA1431481E00F301CB /* ItemsViewController.m */ = {isa = PBXFileReference; fileEncoding = 4; lastKnownFileType = sourcecode.c.objc; path = ItemsViewController.m; sourceTree = "<group>"; };
		F8E4D5E11431513200F301CB /* Possession.h */ = {isa = PBXFileReference; fileEncoding = 4; lastKnownFileType = sourcecode.c.h; path = Possession.h; sourceTree = "<group>"; };
		F8E4D5E21431513200F301CB /* Possession.m */ = {isa = PBXFileReference; fileEncoding = 4; lastKnownFileType = sourcecode.c.objc; path = Possession.m; sourceTree = "<group>"; };
		F8E4D5E5143151C400F301CB /* PossessionStore.h */ = {isa = PBXFileReference; fileEncoding = 4; lastKnownFileType = sourcecode.c.h; path = PossessionStore.h; sourceTree = "<group>"; };
		F8E4D5E6143151C400F301CB /* PossessionStore.m */ = {isa = PBXFileReference; fileEncoding = 4; lastKnownFileType = sourcecode.c.objc; path = PossessionStore.m; sourceTree = "<group>"; };
		F8E4D5E814351DDA00F301CB /* HeaderView.xib */ = {isa = PBXFileReference; fileEncoding = 4; lastKnownFileType = file.xib; path = HeaderView.xib; sourceTree = "<group>"; };
		F8E4D5EF143A7D7600F301CB /* ItemDetailViewController.h */ = {isa = PBXFileReference; fileEncoding = 4; lastKnownFileType = sourcecode.c.h; path = ItemDetailViewController.h; sourceTree = "<group>"; };
		F8E4D5F0143A7D7600F301CB /* ItemDetailViewController.m */ = {isa = PBXFileReference; fileEncoding = 4; lastKnownFileType = sourcecode.c.objc; path = ItemDetailViewController.m; sourceTree = "<group>"; };
		F8E4D5F1143A7D7600F301CB /* ItemDetailViewController.xib */ = {isa = PBXFileReference; fileEncoding = 4; lastKnownFileType = file.xib; path = ItemDetailViewController.xib; sourceTree = "<group>"; };
/* End PBXFileReference section */

/* Begin PBXFrameworksBuildPhase section */
		F8E4D59E1431453E00F301CB /* Frameworks */ = {
			isa = PBXFrameworksBuildPhase;
			buildActionMask = 2147483647;
			files = (
				F8E4D5A61431453E00F301CB /* UIKit.framework in Frameworks */,
				F8E4D5A81431453E00F301CB /* Foundation.framework in Frameworks */,
				F8E4D5AA1431453E00F301CB /* CoreGraphics.framework in Frameworks */,
			);
			runOnlyForDeploymentPostprocessing = 0;
		};
		F8E4D5BB1431453E00F301CB /* Frameworks */ = {
			isa = PBXFrameworksBuildPhase;
			buildActionMask = 2147483647;
			files = (
				F8E4D5C11431453E00F301CB /* SenTestingKit.framework in Frameworks */,
				F8E4D5C21431453E00F301CB /* UIKit.framework in Frameworks */,
				F8E4D5C31431453E00F301CB /* Foundation.framework in Frameworks */,
				F8E4D5C41431453E00F301CB /* CoreGraphics.framework in Frameworks */,
			);
			runOnlyForDeploymentPostprocessing = 0;
		};
/* End PBXFrameworksBuildPhase section */

/* Begin PBXGroup section */
		F8E4D5961431453E00F301CB = {
			isa = PBXGroup;
			children = (
				F8E4D5EA14351DE200F301CB /* Views */,
				F8E4D5DC1431482500F301CB /* Controllers */,
				F8E4D5AB1431453E00F301CB /* Inventory */,
				F8E4D5C71431453E00F301CB /* InventoryTests */,
				F8E4D5A41431453E00F301CB /* Frameworks */,
				F8E4D5A21431453E00F301CB /* Products */,
			);
			sourceTree = "<group>";
		};
		F8E4D5A21431453E00F301CB /* Products */ = {
			isa = PBXGroup;
			children = (
				F8E4D5A11431453E00F301CB /* Inventory.app */,
				F8E4D5BF1431453E00F301CB /* InventoryTests.octest */,
			);
			name = Products;
			sourceTree = "<group>";
		};
		F8E4D5A41431453E00F301CB /* Frameworks */ = {
			isa = PBXGroup;
			children = (
				F8E4D5A51431453E00F301CB /* UIKit.framework */,
				F8E4D5A71431453E00F301CB /* Foundation.framework */,
				F8E4D5A91431453E00F301CB /* CoreGraphics.framework */,
				F8E4D5C01431453E00F301CB /* SenTestingKit.framework */,
			);
			name = Frameworks;
			sourceTree = "<group>";
		};
		F8E4D5AB1431453E00F301CB /* Inventory */ = {
			isa = PBXGroup;
			children = (
				F8E4D5E41431513A00F301CB /* Models */,
				F8E4D5B41431453E00F301CB /* InventoryAppDelegate.h */,
				F8E4D5B51431453E00F301CB /* InventoryAppDelegate.m */,
				F8E4D5B71431453E00F301CB /* MainWindow.xib */,
				F8E4D5AC1431453E00F301CB /* Supporting Files */,
			);
			path = Inventory;
			sourceTree = "<group>";
		};
		F8E4D5AC1431453E00F301CB /* Supporting Files */ = {
			isa = PBXGroup;
			children = (
				F8E4D5AD1431453E00F301CB /* Inventory-Info.plist */,
				F8E4D5AE1431453E00F301CB /* InfoPlist.strings */,
				F8E4D5B11431453E00F301CB /* main.m */,
				F8E4D5B31431453E00F301CB /* Inventory-Prefix.pch */,
			);
			name = "Supporting Files";
			sourceTree = "<group>";
		};
		F8E4D5C71431453E00F301CB /* InventoryTests */ = {
			isa = PBXGroup;
			children = (
				F8E4D5CD1431453E00F301CB /* InventoryTests.h */,
				F8E4D5CF1431453E00F301CB /* InventoryTests.m */,
				F8E4D5C81431453E00F301CB /* Supporting Files */,
			);
			path = InventoryTests;
			sourceTree = "<group>";
		};
		F8E4D5C81431453E00F301CB /* Supporting Files */ = {
			isa = PBXGroup;
			children = (
				F8E4D5C91431453E00F301CB /* InventoryTests-Info.plist */,
				F8E4D5CA1431453E00F301CB /* InfoPlist.strings */,
			);
			name = "Supporting Files";
			sourceTree = "<group>";
		};
		F8E4D5DC1431482500F301CB /* Controllers */ = {
			isa = PBXGroup;
			children = (
				F8E4D5D91431481E00F301CB /* ItemsViewController.h */,
				F8E4D5DA1431481E00F301CB /* ItemsViewController.m */,
				F8E4D5EF143A7D7600F301CB /* ItemDetailViewController.h */,
				F8E4D5F0143A7D7600F301CB /* ItemDetailViewController.m */,
				F8E4D5F1143A7D7600F301CB /* ItemDetailViewController.xib */,
			);
			name = Controllers;
			sourceTree = "<group>";
		};
		F8E4D5E41431513A00F301CB /* Models */ = {
			isa = PBXGroup;
			children = (
				F8E4D5E11431513200F301CB /* Possession.h */,
				F8E4D5E21431513200F301CB /* Possession.m */,
				F8E4D5E5143151C400F301CB /* PossessionStore.h */,
				F8E4D5E6143151C400F301CB /* PossessionStore.m */,
			);
			name = Models;
			sourceTree = "<group>";
		};
		F8E4D5EA14351DE200F301CB /* Views */ = {
			isa = PBXGroup;
			children = (
				F8E4D5E814351DDA00F301CB /* HeaderView.xib */,
			);
			name = Views;
			sourceTree = "<group>";
		};
/* End PBXGroup section */

/* Begin PBXNativeTarget section */
		F8E4D5A01431453E00F301CB /* Inventory */ = {
			isa = PBXNativeTarget;
			buildConfigurationList = F8E4D5D31431453E00F301CB /* Build configuration list for PBXNativeTarget "Inventory" */;
			buildPhases = (
				F8E4D59D1431453E00F301CB /* Sources */,
				F8E4D59E1431453E00F301CB /* Frameworks */,
				F8E4D59F1431453E00F301CB /* Resources */,
			);
			buildRules = (
			);
			dependencies = (
			);
			name = Inventory;
			productName = Inventory;
			productReference = F8E4D5A11431453E00F301CB /* Inventory.app */;
			productType = "com.apple.product-type.application";
		};
		F8E4D5BE1431453E00F301CB /* InventoryTests */ = {
			isa = PBXNativeTarget;
			buildConfigurationList = F8E4D5D61431453E00F301CB /* Build configuration list for PBXNativeTarget "InventoryTests" */;
			buildPhases = (
				F8E4D5BA1431453E00F301CB /* Sources */,
				F8E4D5BB1431453E00F301CB /* Frameworks */,
				F8E4D5BC1431453E00F301CB /* Resources */,
				F8E4D5BD1431453E00F301CB /* ShellScript */,
			);
			buildRules = (
			);
			dependencies = (
				F8E4D5C61431453E00F301CB /* PBXTargetDependency */,
			);
			name = InventoryTests;
			productName = InventoryTests;
			productReference = F8E4D5BF1431453E00F301CB /* InventoryTests.octest */;
			productType = "com.apple.product-type.bundle";
		};
/* End PBXNativeTarget section */

/* Begin PBXProject section */
		F8E4D5981431453E00F301CB /* Project object */ = {
			isa = PBXProject;
			buildConfigurationList = F8E4D59B1431453E00F301CB /* Build configuration list for PBXProject "Inventory" */;
			compatibilityVersion = "Xcode 3.2";
			developmentRegion = English;
			hasScannedForEncodings = 0;
			knownRegions = (
				en,
			);
			mainGroup = F8E4D5961431453E00F301CB;
			productRefGroup = F8E4D5A21431453E00F301CB /* Products */;
			projectDirPath = "";
			projectRoot = "";
			targets = (
				F8E4D5A01431453E00F301CB /* Inventory */,
				F8E4D5BE1431453E00F301CB /* InventoryTests */,
			);
		};
/* End PBXProject section */

/* Begin PBXResourcesBuildPhase section */
		F8E4D59F1431453E00F301CB /* Resources */ = {
			isa = PBXResourcesBuildPhase;
			buildActionMask = 2147483647;
			files = (
				F8E4D5B01431453E00F301CB /* InfoPlist.strings in Resources */,
				F8E4D5B91431453E00F301CB /* MainWindow.xib in Resources */,
				F8E4D5E914351DDA00F301CB /* HeaderView.xib in Resources */,
				F8E4D5F3143A7D7600F301CB /* ItemDetailViewController.xib in Resources */,
			);
			runOnlyForDeploymentPostprocessing = 0;
		};
		F8E4D5BC1431453E00F301CB /* Resources */ = {
			isa = PBXResourcesBuildPhase;
			buildActionMask = 2147483647;
			files = (
				F8E4D5CC1431453E00F301CB /* InfoPlist.strings in Resources */,
				F8E4D5CE1431453E00F301CB /* InventoryTests.h in Resources */,
			);
			runOnlyForDeploymentPostprocessing = 0;
		};
/* End PBXResourcesBuildPhase section */

/* Begin PBXShellScriptBuildPhase section */
		F8E4D5BD1431453E00F301CB /* ShellScript */ = {
			isa = PBXShellScriptBuildPhase;
			buildActionMask = 2147483647;
			files = (
			);
			inputPaths = (
			);
			outputPaths = (
			);
			runOnlyForDeploymentPostprocessing = 0;
			shellPath = /bin/sh;
			shellScript = "# Run the unit tests in this test bundle.\n\"${SYSTEM_DEVELOPER_DIR}/Tools/RunUnitTests\"\n";
		};
/* End PBXShellScriptBuildPhase section */

/* Begin PBXSourcesBuildPhase section */
		F8E4D59D1431453E00F301CB /* Sources */ = {
			isa = PBXSourcesBuildPhase;
			buildActionMask = 2147483647;
			files = (
				F8E4D5B21431453E00F301CB /* main.m in Sources */,
				F8E4D5B61431453E00F301CB /* InventoryAppDelegate.m in Sources */,
				F8E4D5DB1431481E00F301CB /* ItemsViewController.m in Sources */,
				F8E4D5E31431513200F301CB /* Possession.m in Sources */,
				F8E4D5E7143151C400F301CB /* PossessionStore.m in Sources */,
				F8E4D5F2143A7D7600F301CB /* ItemDetailViewController.m in Sources */,
			);
			runOnlyForDeploymentPostprocessing = 0;
		};
		F8E4D5BA1431453E00F301CB /* Sources */ = {
			isa = PBXSourcesBuildPhase;
			buildActionMask = 2147483647;
			files = (
				F8E4D5D01431453E00F301CB /* InventoryTests.m in Sources */,
			);
			runOnlyForDeploymentPostprocessing = 0;
		};
/* End PBXSourcesBuildPhase section */

/* Begin PBXTargetDependency section */
		F8E4D5C61431453E00F301CB /* PBXTargetDependency */ = {
			isa = PBXTargetDependency;
			target = F8E4D5A01431453E00F301CB /* Inventory */;
			targetProxy = F8E4D5C51431453E00F301CB /* PBXContainerItemProxy */;
		};
/* End PBXTargetDependency section */

/* Begin PBXVariantGroup section */
		F8E4D5AE1431453E00F301CB /* InfoPlist.strings */ = {
			isa = PBXVariantGroup;
			children = (
				F8E4D5AF1431453E00F301CB /* en */,
			);
			name = InfoPlist.strings;
			sourceTree = "<group>";
		};
		F8E4D5B71431453E00F301CB /* MainWindow.xib */ = {
			isa = PBXVariantGroup;
			children = (
				F8E4D5B81431453E00F301CB /* en */,
			);
			name = MainWindow.xib;
			sourceTree = "<group>";
		};
		F8E4D5CA1431453E00F301CB /* InfoPlist.strings */ = {
			isa = PBXVariantGroup;
			children = (
				F8E4D5CB1431453E00F301CB /* en */,
			);
			name = InfoPlist.strings;
			sourceTree = "<group>";
		};
/* End PBXVariantGroup section */

/* Begin XCBuildConfiguration section */
		F8E4D5D11431453E00F301CB /* Debug */ = {
			isa = XCBuildConfiguration;
			buildSettings = {
				ALWAYS_SEARCH_USER_PATHS = NO;
				ARCHS = "$(ARCHS_STANDARD_32_BIT)";
				"CODE_SIGN_IDENTITY[sdk=iphoneos*]" = "iPhone Developer";
				COPY_PHASE_STRIP = NO;
				GCC_C_LANGUAGE_STANDARD = gnu99;
				GCC_DYNAMIC_NO_PIC = NO;
				GCC_OPTIMIZATION_LEVEL = 0;
				GCC_PREPROCESSOR_DEFINITIONS = (
					"DEBUG=1",
					"$(inherited)",
				);
				GCC_SYMBOLS_PRIVATE_EXTERN = NO;
				GCC_VERSION = com.apple.compilers.llvmgcc42;
				GCC_WARN_ABOUT_MISSING_PROTOTYPES = YES;
				GCC_WARN_ABOUT_RETURN_TYPE = YES;
				GCC_WARN_UNUSED_VARIABLE = YES;
				IPHONEOS_DEPLOYMENT_TARGET = 4.3;
				SDKROOT = iphoneos;
			};
			name = Debug;
		};
		F8E4D5D21431453E00F301CB /* Release */ = {
			isa = XCBuildConfiguration;
			buildSettings = {
				ALWAYS_SEARCH_USER_PATHS = NO;
				ARCHS = "$(ARCHS_STANDARD_32_BIT)";
				"CODE_SIGN_IDENTITY[sdk=iphoneos*]" = "iPhone Developer";
				COPY_PHASE_STRIP = YES;
				GCC_C_LANGUAGE_STANDARD = gnu99;
				GCC_VERSION = com.apple.compilers.llvmgcc42;
				GCC_WARN_ABOUT_MISSING_PROTOTYPES = YES;
				GCC_WARN_ABOUT_RETURN_TYPE = YES;
				GCC_WARN_UNUSED_VARIABLE = YES;
				IPHONEOS_DEPLOYMENT_TARGET = 4.3;
				OTHER_CFLAGS = "-DNS_BLOCK_ASSERTIONS=1";
				SDKROOT = iphoneos;
				VALIDATE_PRODUCT = YES;
			};
			name = Release;
		};
		F8E4D5D41431453E00F301CB /* Debug */ = {
			isa = XCBuildConfiguration;
			buildSettings = {
				GCC_PRECOMPILE_PREFIX_HEADER = YES;
				GCC_PREFIX_HEADER = "Inventory/Inventory-Prefix.pch";
				INFOPLIST_FILE = "Inventory/Inventory-Info.plist";
				PRODUCT_NAME = "$(TARGET_NAME)";
				WRAPPER_EXTENSION = app;
			};
			name = Debug;
		};
		F8E4D5D51431453E00F301CB /* Release */ = {
			isa = XCBuildConfiguration;
			buildSettings = {
				GCC_PRECOMPILE_PREFIX_HEADER = YES;
				GCC_PREFIX_HEADER = "Inventory/Inventory-Prefix.pch";
				INFOPLIST_FILE = "Inventory/Inventory-Info.plist";
				PRODUCT_NAME = "$(TARGET_NAME)";
				WRAPPER_EXTENSION = app;
			};
			name = Release;
		};
		F8E4D5D71431453E00F301CB /* Debug */ = {
			isa = XCBuildConfiguration;
			buildSettings = {
				BUNDLE_LOADER = "$(BUILT_PRODUCTS_DIR)/Inventory.app/Inventory";
				FRAMEWORK_SEARCH_PATHS = (
					"$(SDKROOT)/Developer/Library/Frameworks",
					"$(DEVELOPER_LIBRARY_DIR)/Frameworks",
				);
				GCC_PRECOMPILE_PREFIX_HEADER = YES;
				GCC_PREFIX_HEADER = "Inventory/Inventory-Prefix.pch";
				INFOPLIST_FILE = "InventoryTests/InventoryTests-Info.plist";
				PRODUCT_NAME = "$(TARGET_NAME)";
				TEST_HOST = "$(BUNDLE_LOADER)";
				WRAPPER_EXTENSION = octest;
			};
			name = Debug;
		};
		F8E4D5D81431453E00F301CB /* Release */ = {
			isa = XCBuildConfiguration;
			buildSettings = {
				BUNDLE_LOADER = "$(BUILT_PRODUCTS_DIR)/Inventory.app/Inventory";
				FRAMEWORK_SEARCH_PATHS = (
					"$(SDKROOT)/Developer/Library/Frameworks",
					"$(DEVELOPER_LIBRARY_DIR)/Frameworks",
				);
				GCC_PRECOMPILE_PREFIX_HEADER = YES;
				GCC_PREFIX_HEADER = "Inventory/Inventory-Prefix.pch";
				INFOPLIST_FILE = "InventoryTests/InventoryTests-Info.plist";
				PRODUCT_NAME = "$(TARGET_NAME)";
				TEST_HOST = "$(BUNDLE_LOADER)";
				WRAPPER_EXTENSION = octest;
			};
			name = Release;
		};
/* End XCBuildConfiguration section */

/* Begin XCConfigurationList section */
		F8E4D59B1431453E00F301CB /* Build configuration list for PBXProject "Inventory" */ = {
			isa = XCConfigurationList;
			buildConfigurations = (
				F8E4D5D11431453E00F301CB /* Debug */,
				F8E4D5D21431453E00F301CB /* Release */,
			);
			defaultConfigurationIsVisible = 0;
			defaultConfigurationName = Release;
		};
		F8E4D5D31431453E00F301CB /* Build configuration list for PBXNativeTarget "Inventory" */ = {
			isa = XCConfigurationList;
			buildConfigurations = (
				F8E4D5D41431453E00F301CB /* Debug */,
				F8E4D5D51431453E00F301CB /* Release */,
			);
			defaultConfigurationIsVisible = 0;
		};
		F8E4D5D61431453E00F301CB /* Build configuration list for PBXNativeTarget "InventoryTests" */ = {
			isa = XCConfigurationList;
			buildConfigurations = (
				F8E4D5D71431453E00F301CB /* Debug */,
				F8E4D5D81431453E00F301CB /* Release */,
			);
			defaultConfigurationIsVisible = 0;
		};
/* End XCConfigurationList section */
	};
	rootObject = F8E4D5981431453E00F301CB /* Project object */;
}
